
Microsoft Visual Studio Solution File, Format Version 12.00
# Visual Studio Version 17
VisualStudioVersion = 17.0.32014.148
MinimumVisualStudioVersion = 10.0.40219.1
Project("{FAE04EC0-301F-11D3-BF4B-00C04F79EFBC}") = "RoomsPlagin", "RoomsPlagin\RoomsPlagin.csproj", "{2F33F105-DE7A-47F4-9715-3BB97C6B0A93}"
EndProject
Global
	GlobalSection(SolutionConfigurationPlatforms) = preSolution
		Debug|Any CPU = Debug|Any CPU
		Release|Any CPU = Release|Any CPU
	EndGlobalSection
	GlobalSection(ProjectConfigurationPlatforms) = postSolution
		{2F33F105-DE7A-47F4-9715-3BB97C6B0A93}.Debug|Any CPU.ActiveCfg = Debug|Any CPU
		{2F33F105-DE7A-47F4-9715-3BB97C6B0A93}.Debug|Any CPU.Build.0 = Debug|Any CPU
		{2F33F105-DE7A-47F4-9715-3BB97C6B0A93}.Release|Any CPU.ActiveCfg = Release|Any CPU
		{2F33F105-DE7A-47F4-9715-3BB97C6B0A93}.Release|Any CPU.Build.0 = Release|Any CPU
	EndGlobalSection
	GlobalSection(SolutionProperties) = preSolution
		HideSolutionNode = FALSE
	EndGlobalSection
	GlobalSection(ExtensibilityGlobals) = postSolution
		SolutionGuid = {0A9168E6-8903-4441-8035-E1B87623C4B8}
	EndGlobalSection
EndGlobal
